
Microsoft Visual Studio Solution File, Format Version 10.00
# Visual Studio 2008
Project("{8BC9CEB8-8B4A-11D0-8D11-00A0C91BC942}") = "Bluefish", "Bluefish\GingkoFilter.WXP.vcproj", "{FD3D9280-6390-43F9-8CF0-48DC9B738727}"
EndProject
Project("{8BC9CEB8-8B4A-11D0-8D11-00A0C91BC942}") = "Crypto", "crypto\Crypto.vcproj", "{993245CF-6B70-47EE-91BB-39F8FC6DC0E7}"
EndProject
Project("{8BC9CEB8-8B4A-11D0-8D11-00A0C91BC942}") = "Common", "Common\Common.vcproj", "{A38EF61C-892C-4756-8676-FB3315A0D387}"
EndProject
Project("{8BC9CEB8-8B4A-11D0-8D11-00A0C91BC942}") = "Bootstrap", "Bootstrap\Bootstrap.vcproj", "{1817C039-ADB7-447C-82B1-6B8813548A82}"
	ProjectSection(ProjectDependencies) = postProject
		{2AA1D808-ED89-44C1-8AC7-EC75837DD9E6} = {2AA1D808-ED89-44C1-8AC7-EC75837DD9E6}
	EndProjectSection
EndProject
Project("{8BC9CEB8-8B4A-11D0-8D11-00A0C91BC942}") = "BluefishService", "BluefishService\BluefishService.vcproj", "{3742D509-D10C-42CD-BF07-32E507303184}"
EndProject
Project("{8BC9CEB8-8B4A-11D0-8D11-00A0C91BC942}") = "sqlite", "sqlite\sqlite.vcproj", "{16DF6DBF-1687-4728-B464-1BD44212C02D}"
EndProject
Project("{8BC9CEB8-8B4A-11D0-8D11-00A0C91BC942}") = "libgingko", "GingkoLibrary\GingkoLibrary.vcproj", "{2AA1D808-ED89-44C1-8AC7-EC75837DD9E6}"
EndProject
Project("{8BC9CEB8-8B4A-11D0-8D11-00A0C91BC942}") = "GingkoFish", "GingkoShell\GingkoShell.vcproj", "{24B4B4BE-D118-408C-9FD7-ED3F881FC307}"
EndProject
Project("{8BC9CEB8-8B4A-11D0-8D11-00A0C91BC942}") = "GkoShellExt", "GkoShellExt\GkoShellExt.vcproj", "{737ADE9E-952D-45DF-950E-3006BD89EAD3}"
EndProject
Project("{8BC9CEB8-8B4A-11D0-8D11-00A0C91BC942}") = "GkoShellExtPS", "GkoShellExt\GkoShellExtPS.vcproj", "{C35E1617-E7FA-4BA9-A51D-D129726F8FD0}"
	ProjectSection(ProjectDependencies) = postProject
		{737ADE9E-952D-45DF-950E-3006BD89EAD3} = {737ADE9E-952D-45DF-950E-3006BD89EAD3}
	EndProjectSection
EndProject
Project("{8BC9CEB8-8B4A-11D0-8D11-00A0C91BC942}") = "Jackfish", "JackFish\JackFish.vcproj", "{498C2EB8-B0A0-4B1E-8750-BFF35E754333}"
EndProject
Project("{8BC9CEB8-8B4A-11D0-8D11-00A0C91BC942}") = "Fishshell", "Fishshell\Fishshell.vcproj", "{8AB3707E-3621-4E4A-8D8B-816133CC2CBC}"
EndProject
Project("{8BC9CEB8-8B4A-11D0-8D11-00A0C91BC942}") = "MD5Cracker", "MD5Cracker\MD5Cracker.vcproj", "{EBE74AD8-2061-429F-AC36-727A87E4DEFD}"
EndProject
Project("{54435603-DBB4-11D2-8724-00A0C9A8B90C}") = "BluefishSetup", "BluefishSetup\BluefishSetup.vdproj", "{CC2DF3F5-5A85-4B4D-83B7-10969A79A018}"
EndProject
Project("{54435603-DBB4-11D2-8724-00A0C9A8B90C}") = "BluefishSetup64", "BluefishSetup64\BluefishSetup64.vdproj", "{D0C89098-C1D5-4166-B8DB-524F6DE4A070}"
EndProject
Global
	GlobalSection(SolutionConfigurationPlatforms) = preSolution
		Debug|Win32 = Debug|Win32
		Debug|x64 = Debug|x64
		Release|Win32 = Release|Win32
		Release|x64 = Release|x64
		WXP checked (PREfast)|Win32 = WXP checked (PREfast)|Win32
		WXP checked (PREfast)|x64 = WXP checked (PREfast)|x64
		WXP checked|Win32 = WXP checked|Win32
		WXP checked|x64 = WXP checked|x64
		WXP free (PREfast)|Win32 = WXP free (PREfast)|Win32
		WXP free (PREfast)|x64 = WXP free (PREfast)|x64
		WXP free|Win32 = WXP free|Win32
		WXP free|x64 = WXP free|x64
		WXP2K checked (PREfast)|Win32 = WXP2K checked (PREfast)|Win32
		WXP2K checked (PREfast)|x64 = WXP2K checked (PREfast)|x64
		WXP2K checked|Win32 = WXP2K checked|Win32
		WXP2K checked|x64 = WXP2K checked|x64
		WXP2K free (PREfast)|Win32 = WXP2K free (PREfast)|Win32
		WXP2K free (PREfast)|x64 = WXP2K free (PREfast)|x64
		WXP2K free|Win32 = WXP2K free|Win32
		WXP2K free|x64 = WXP2K free|x64
	EndGlobalSection
	GlobalSection(ProjectConfigurationPlatforms) = postSolution
		{FD3D9280-6390-43F9-8CF0-48DC9B738727}.Debug|Win32.ActiveCfg = WXP checked|Win32
		{FD3D9280-6390-43F9-8CF0-48DC9B738727}.Debug|Win32.Build.0 = WXP checked|Win32
		{FD3D9280-6390-43F9-8CF0-48DC9B738727}.Debug|x64.ActiveCfg = WXP checked|x64
		{FD3D9280-6390-43F9-8CF0-48DC9B738727}.Release|Win32.ActiveCfg = WXP free|Win32
		{FD3D9280-6390-43F9-8CF0-48DC9B738727}.Release|Win32.Build.0 = WXP free|Win32
		{FD3D9280-6390-43F9-8CF0-48DC9B738727}.Release|x64.ActiveCfg = WXP free|x64
		{FD3D9280-6390-43F9-8CF0-48DC9B738727}.WXP checked (PREfast)|Win32.ActiveCfg = WXP checked (PREfast)|Win32
		{FD3D9280-6390-43F9-8CF0-48DC9B738727}.WXP checked (PREfast)|Win32.Build.0 = WXP checked (PREfast)|Win32
		{FD3D9280-6390-43F9-8CF0-48DC9B738727}.WXP checked (PREfast)|x64.ActiveCfg = WXP checked (PREfast)|Win32
		{FD3D9280-6390-43F9-8CF0-48DC9B738727}.WXP checked|Win32.ActiveCfg = WXP checked|Win32
		{FD3D9280-6390-43F9-8CF0-48DC9B738727}.WXP checked|Win32.Build.0 = WXP checked|Win32
		{FD3D9280-6390-43F9-8CF0-48DC9B738727}.WXP checked|x64.ActiveCfg = WXP checked|Win32
		{FD3D9280-6390-43F9-8CF0-48DC9B738727}.WXP free (PREfast)|Win32.ActiveCfg = WXP free (PREfast)|Win32
		{FD3D9280-6390-43F9-8CF0-48DC9B738727}.WXP free (PREfast)|Win32.Build.0 = WXP free (PREfast)|Win32
		{FD3D9280-6390-43F9-8CF0-48DC9B738727}.WXP free (PREfast)|x64.ActiveCfg = WXP free (PREfast)|Win32
		{FD3D9280-6390-43F9-8CF0-48DC9B738727}.WXP free|Win32.ActiveCfg = WXP free|Win32
		{FD3D9280-6390-43F9-8CF0-48DC9B738727}.WXP free|Win32.Build.0 = WXP free|Win32
		{FD3D9280-6390-43F9-8CF0-48DC9B738727}.WXP free|x64.ActiveCfg = WXP free|Win32
		{FD3D9280-6390-43F9-8CF0-48DC9B738727}.WXP2K checked (PREfast)|Win32.ActiveCfg = WXP2K checked (PREfast)|Win32
		{FD3D9280-6390-43F9-8CF0-48DC9B738727}.WXP2K checked (PREfast)|Win32.Build.0 = WXP2K checked (PREfast)|Win32
		{FD3D9280-6390-43F9-8CF0-48DC9B738727}.WXP2K checked (PREfast)|x64.ActiveCfg = WXP2K checked (PREfast)|Win32
		{FD3D9280-6390-43F9-8CF0-48DC9B738727}.WXP2K checked|Win32.ActiveCfg = WXP2K checked|Win32
		{FD3D9280-6390-43F9-8CF0-48DC9B738727}.WXP2K checked|Win32.Build.0 = WXP2K checked|Win32
		{FD3D9280-6390-43F9-8CF0-48DC9B738727}.WXP2K checked|x64.ActiveCfg = WXP2K checked|Win32
		{FD3D9280-6390-43F9-8CF0-48DC9B738727}.WXP2K free (PREfast)|Win32.ActiveCfg = WXP2K free (PREfast)|Win32
		{FD3D9280-6390-43F9-8CF0-48DC9B738727}.WXP2K free (PREfast)|Win32.Build.0 = WXP2K free (PREfast)|Win32
		{FD3D9280-6390-43F9-8CF0-48DC9B738727}.WXP2K free (PREfast)|x64.ActiveCfg = WXP2K free (PREfast)|Win32
		{FD3D9280-6390-43F9-8CF0-48DC9B738727}.WXP2K free|Win32.ActiveCfg = WXP2K free|Win32
		{FD3D9280-6390-43F9-8CF0-48DC9B738727}.WXP2K free|Win32.Build.0 = WXP2K free|Win32
		{FD3D9280-6390-43F9-8CF0-48DC9B738727}.WXP2K free|x64.ActiveCfg = WXP2K free|Win32
		{993245CF-6B70-47EE-91BB-39F8FC6DC0E7}.Debug|Win32.ActiveCfg = WXP checked|Win32
		{993245CF-6B70-47EE-91BB-39F8FC6DC0E7}.Debug|Win32.Build.0 = WXP checked|Win32
		{993245CF-6B70-47EE-91BB-39F8FC6DC0E7}.Debug|x64.ActiveCfg = WXP checked|x64
		{993245CF-6B70-47EE-91BB-39F8FC6DC0E7}.Release|Win32.ActiveCfg = WXP free|Win32
		{993245CF-6B70-47EE-91BB-39F8FC6DC0E7}.Release|Win32.Build.0 = WXP free|Win32
		{993245CF-6B70-47EE-91BB-39F8FC6DC0E7}.Release|x64.ActiveCfg = WXP free|x64
		{993245CF-6B70-47EE-91BB-39F8FC6DC0E7}.WXP checked (PREfast)|Win32.ActiveCfg = WXP checked (PREfast)|Win32
		{993245CF-6B70-47EE-91BB-39F8FC6DC0E7}.WXP checked (PREfast)|Win32.Build.0 = WXP checked (PREfast)|Win32
		{993245CF-6B70-47EE-91BB-39F8FC6DC0E7}.WXP checked (PREfast)|x64.ActiveCfg = WXP checked (PREfast)|Win32
		{993245CF-6B70-47EE-91BB-39F8FC6DC0E7}.WXP checked|Win32.ActiveCfg = WXP checked|Win32
		{993245CF-6B70-47EE-91BB-39F8FC6DC0E7}.WXP checked|Win32.Build.0 = WXP checked|Win32
		{993245CF-6B70-47EE-91BB-39F8FC6DC0E7}.WXP checked|x64.ActiveCfg = WXP checked|Win32
		{993245CF-6B70-47EE-91BB-39F8FC6DC0E7}.WXP free (PREfast)|Win32.ActiveCfg = WXP free (PREfast)|Win32
		{993245CF-6B70-47EE-91BB-39F8FC6DC0E7}.WXP free (PREfast)|Win32.Build.0 = WXP free (PREfast)|Win32
		{993245CF-6B70-47EE-91BB-39F8FC6DC0E7}.WXP free (PREfast)|x64.ActiveCfg = WXP free (PREfast)|Win32
		{993245CF-6B70-47EE-91BB-39F8FC6DC0E7}.WXP free|Win32.ActiveCfg = WXP free|Win32
		{993245CF-6B70-47EE-91BB-39F8FC6DC0E7}.WXP free|Win32.Build.0 = WXP free|Win32
		{993245CF-6B70-47EE-91BB-39F8FC6DC0E7}.WXP free|x64.ActiveCfg = WXP free|Win32
		{993245CF-6B70-47EE-91BB-39F8FC6DC0E7}.WXP2K checked (PREfast)|Win32.ActiveCfg = WXP2K checked (PREfast)|Win32
		{993245CF-6B70-47EE-91BB-39F8FC6DC0E7}.WXP2K checked (PREfast)|Win32.Build.0 = WXP2K checked (PREfast)|Win32
		{993245CF-6B70-47EE-91BB-39F8FC6DC0E7}.WXP2K checked (PREfast)|x64.ActiveCfg = WXP2K checked (PREfast)|Win32
		{993245CF-6B70-47EE-91BB-39F8FC6DC0E7}.WXP2K checked|Win32.ActiveCfg = WXP2K checked|Win32
		{993245CF-6B70-47EE-91BB-39F8FC6DC0E7}.WXP2K checked|Win32.Build.0 = WXP2K checked|Win32
		{993245CF-6B70-47EE-91BB-39F8FC6DC0E7}.WXP2K checked|x64.ActiveCfg = WXP2K checked|Win32
		{993245CF-6B70-47EE-91BB-39F8FC6DC0E7}.WXP2K free (PREfast)|Win32.ActiveCfg = WXP2K free (PREfast)|Win32
		{993245CF-6B70-47EE-91BB-39F8FC6DC0E7}.WXP2K free (PREfast)|Win32.Build.0 = WXP2K free (PREfast)|Win32
		{993245CF-6B70-47EE-91BB-39F8FC6DC0E7}.WXP2K free (PREfast)|x64.ActiveCfg = WXP2K free (PREfast)|Win32
		{993245CF-6B70-47EE-91BB-39F8FC6DC0E7}.WXP2K free|Win32.ActiveCfg = WXP2K free|Win32
		{993245CF-6B70-47EE-91BB-39F8FC6DC0E7}.WXP2K free|Win32.Build.0 = WXP2K free|Win32
		{993245CF-6B70-47EE-91BB-39F8FC6DC0E7}.WXP2K free|x64.ActiveCfg = WXP2K free|Win32
		{A38EF61C-892C-4756-8676-FB3315A0D387}.Debug|Win32.ActiveCfg = WXP checked|Win32
		{A38EF61C-892C-4756-8676-FB3315A0D387}.Debug|Win32.Build.0 = WXP checked|Win32
		{A38EF61C-892C-4756-8676-FB3315A0D387}.Debug|x64.ActiveCfg = WXP checked|x64
		{A38EF61C-892C-4756-8676-FB3315A0D387}.Release|Win32.ActiveCfg = WXP free|Win32
		{A38EF61C-892C-4756-8676-FB3315A0D387}.Release|Win32.Build.0 = WXP free|Win32
		{A38EF61C-892C-4756-8676-FB3315A0D387}.Release|x64.ActiveCfg = WXP free|x64
		{A38EF61C-892C-4756-8676-FB3315A0D387}.WXP checked (PREfast)|Win32.ActiveCfg = WXP checked (PREfast)|Win32
		{A38EF61C-892C-4756-8676-FB3315A0D387}.WXP checked (PREfast)|Win32.Build.0 = WXP checked (PREfast)|Win32
		{A38EF61C-892C-4756-8676-FB3315A0D387}.WXP checked (PREfast)|x64.ActiveCfg = WXP checked (PREfast)|Win32
		{A38EF61C-892C-4756-8676-FB3315A0D387}.WXP checked|Win32.ActiveCfg = WXP checked|Win32
		{A38EF61C-892C-4756-8676-FB3315A0D387}.WXP checked|Win32.Build.0 = WXP checked|Win32
		{A38EF61C-892C-4756-8676-FB3315A0D387}.WXP checked|x64.ActiveCfg = WXP checked|Win32
		{A38EF61C-892C-4756-8676-FB3315A0D387}.WXP free (PREfast)|Win32.ActiveCfg = WXP free (PREfast)|Win32
		{A38EF61C-892C-4756-8676-FB3315A0D387}.WXP free (PREfast)|Win32.Build.0 = WXP free (PREfast)|Win32
		{A38EF61C-892C-4756-8676-FB3315A0D387}.WXP free (PREfast)|x64.ActiveCfg = WXP free (PREfast)|Win32
		{A38EF61C-892C-4756-8676-FB3315A0D387}.WXP free|Win32.ActiveCfg = WXP free|Win32
		{A38EF61C-892C-4756-8676-FB3315A0D387}.WXP free|Win32.Build.0 = WXP free|Win32
		{A38EF61C-892C-4756-8676-FB3315A0D387}.WXP free|x64.ActiveCfg = WXP free|Win32
		{A38EF61C-892C-4756-8676-FB3315A0D387}.WXP2K checked (PREfast)|Win32.ActiveCfg = WXP2K checked (PREfast)|Win32
		{A38EF61C-892C-4756-8676-FB3315A0D387}.WXP2K checked (PREfast)|Win32.Build.0 = WXP2K checked (PREfast)|Win32
		{A38EF61C-892C-4756-8676-FB3315A0D387}.WXP2K checked (PREfast)|x64.ActiveCfg = WXP2K checked (PREfast)|Win32
		{A38EF61C-892C-4756-8676-FB3315A0D387}.WXP2K checked|Win32.ActiveCfg = WXP2K checked|Win32
		{A38EF61C-892C-4756-8676-FB3315A0D387}.WXP2K checked|Win32.Build.0 = WXP2K checked|Win32
		{A38EF61C-892C-4756-8676-FB3315A0D387}.WXP2K checked|x64.ActiveCfg = WXP2K checked|Win32
		{A38EF61C-892C-4756-8676-FB3315A0D387}.WXP2K free (PREfast)|Win32.ActiveCfg = WXP2K free (PREfast)|Win32
		{A38EF61C-892C-4756-8676-FB3315A0D387}.WXP2K free (PREfast)|Win32.Build.0 = WXP2K free (PREfast)|Win32
		{A38EF61C-892C-4756-8676-FB3315A0D387}.WXP2K free (PREfast)|x64.ActiveCfg = WXP2K free (PREfast)|Win32
		{A38EF61C-892C-4756-8676-FB3315A0D387}.WXP2K free|Win32.ActiveCfg = WXP2K free|Win32
		{A38EF61C-892C-4756-8676-FB3315A0D387}.WXP2K free|Win32.Build.0 = WXP2K free|Win32
		{A38EF61C-892C-4756-8676-FB3315A0D387}.WXP2K free|x64.ActiveCfg = WXP2K free|Win32
		{1817C039-ADB7-447C-82B1-6B8813548A82}.Debug|Win32.ActiveCfg = Debug|Win32
		{1817C039-ADB7-447C-82B1-6B8813548A82}.Debug|Win32.Build.0 = Debug|Win32
		{1817C039-ADB7-447C-82B1-6B8813548A82}.Debug|x64.ActiveCfg = Debug|x64
		{1817C039-ADB7-447C-82B1-6B8813548A82}.Release|Win32.ActiveCfg = Release|Win32
		{1817C039-ADB7-447C-82B1-6B8813548A82}.Release|Win32.Build.0 = Release|Win32
		{1817C039-ADB7-447C-82B1-6B8813548A82}.Release|x64.ActiveCfg = Release|x64
		{1817C039-ADB7-447C-82B1-6B8813548A82}.WXP checked (PREfast)|Win32.ActiveCfg = Release|Win32
		{1817C039-ADB7-447C-82B1-6B8813548A82}.WXP checked (PREfast)|Win32.Build.0 = Release|Win32
		{1817C039-ADB7-447C-82B1-6B8813548A82}.WXP checked (PREfast)|x64.ActiveCfg = Release|Win32
		{1817C039-ADB7-447C-82B1-6B8813548A82}.WXP checked|Win32.ActiveCfg = Debug|Win32
		{1817C039-ADB7-447C-82B1-6B8813548A82}.WXP checked|Win32.Build.0 = Debug|Win32
		{1817C039-ADB7-447C-82B1-6B8813548A82}.WXP checked|x64.ActiveCfg = Release|Win32
		{1817C039-ADB7-447C-82B1-6B8813548A82}.WXP free (PREfast)|Win32.ActiveCfg = Release|Win32
		{1817C039-ADB7-447C-82B1-6B8813548A82}.WXP free (PREfast)|Win32.Build.0 = Release|Win32
		{1817C039-ADB7-447C-82B1-6B8813548A82}.WXP free (PREfast)|x64.ActiveCfg = Release|Win32
		{1817C039-ADB7-447C-82B1-6B8813548A82}.WXP free|Win32.ActiveCfg = Release|Win32
		{1817C039-ADB7-447C-82B1-6B8813548A82}.WXP free|Win32.Build.0 = Release|Win32
		{1817C039-ADB7-447C-82B1-6B8813548A82}.WXP free|x64.ActiveCfg = Release|Win32
		{1817C039-ADB7-447C-82B1-6B8813548A82}.WXP2K checked (PREfast)|Win32.ActiveCfg = Release|Win32
		{1817C039-ADB7-447C-82B1-6B8813548A82}.WXP2K checked (PREfast)|Win32.Build.0 = Release|Win32
		{1817C039-ADB7-447C-82B1-6B8813548A82}.WXP2K checked (PREfast)|x64.ActiveCfg = Release|Win32
		{1817C039-ADB7-447C-82B1-6B8813548A82}.WXP2K checked|Win32.ActiveCfg = Release|Win32
		{1817C039-ADB7-447C-82B1-6B8813548A82}.WXP2K checked|Win32.Build.0 = Release|Win32
		{1817C039-ADB7-447C-82B1-6B8813548A82}.WXP2K checked|x64.ActiveCfg = Release|Win32
		{1817C039-ADB7-447C-82B1-6B8813548A82}.WXP2K free (PREfast)|Win32.ActiveCfg = Release|Win32
		{1817C039-ADB7-447C-82B1-6B8813548A82}.WXP2K free (PREfast)|Win32.Build.0 = Release|Win32
		{1817C039-ADB7-447C-82B1-6B8813548A82}.WXP2K free (PREfast)|x64.ActiveCfg = Release|Win32
		{1817C039-ADB7-447C-82B1-6B8813548A82}.WXP2K free|Win32.ActiveCfg = Release|Win32
		{1817C039-ADB7-447C-82B1-6B8813548A82}.WXP2K free|Win32.Build.0 = Release|Win32
		{1817C039-ADB7-447C-82B1-6B8813548A82}.WXP2K free|x64.ActiveCfg = Release|Win32
		{3742D509-D10C-42CD-BF07-32E507303184}.Debug|Win32.ActiveCfg = Debug|Win32
		{3742D509-D10C-42CD-BF07-32E507303184}.Debug|Win32.Build.0 = Debug|Win32
		{3742D509-D10C-42CD-BF07-32E507303184}.Debug|x64.ActiveCfg = Debug|x64
		{3742D509-D10C-42CD-BF07-32E507303184}.Debug|x64.Build.0 = Debug|x64
		{3742D509-D10C-42CD-BF07-32E507303184}.Release|Win32.ActiveCfg = Release|Win32
		{3742D509-D10C-42CD-BF07-32E507303184}.Release|Win32.Build.0 = Release|Win32
		{3742D509-D10C-42CD-BF07-32E507303184}.Release|x64.ActiveCfg = Release|x64
		{3742D509-D10C-42CD-BF07-32E507303184}.Release|x64.Build.0 = Release|x64
		{3742D509-D10C-42CD-BF07-32E507303184}.WXP checked (PREfast)|Win32.ActiveCfg = Release|x64
		{3742D509-D10C-42CD-BF07-32E507303184}.WXP checked (PREfast)|x64.ActiveCfg = Release|x64
		{3742D509-D10C-42CD-BF07-32E507303184}.WXP checked (PREfast)|x64.Build.0 = Release|x64
		{3742D509-D10C-42CD-BF07-32E507303184}.WXP checked|Win32.ActiveCfg = Debug|Win32
		{3742D509-D10C-42CD-BF07-32E507303184}.WXP checked|x64.ActiveCfg = Release|x64
		{3742D509-D10C-42CD-BF07-32E507303184}.WXP checked|x64.Build.0 = Release|x64
		{3742D509-D10C-42CD-BF07-32E507303184}.WXP free (PREfast)|Win32.ActiveCfg = Release|x64
		{3742D509-D10C-42CD-BF07-32E507303184}.WXP free (PREfast)|x64.ActiveCfg = Release|x64
		{3742D509-D10C-42CD-BF07-32E507303184}.WXP free (PREfast)|x64.Build.0 = Release|x64
		{3742D509-D10C-42CD-BF07-32E507303184}.WXP free|Win32.ActiveCfg = Release|x64
		{3742D509-D10C-42CD-BF07-32E507303184}.WXP free|x64.ActiveCfg = Release|x64
		{3742D509-D10C-42CD-BF07-32E507303184}.WXP free|x64.Build.0 = Release|x64
		{3742D509-D10C-42CD-BF07-32E507303184}.WXP2K checked (PREfast)|Win32.ActiveCfg = Release|x64
		{3742D509-D10C-42CD-BF07-32E507303184}.WXP2K checked (PREfast)|x64.ActiveCfg = Release|x64
		{3742D509-D10C-42CD-BF07-32E507303184}.WXP2K checked (PREfast)|x64.Build.0 = Release|x64
		{3742D509-D10C-42CD-BF07-32E507303184}.WXP2K checked|Win32.ActiveCfg = Release|x64
		{3742D509-D10C-42CD-BF07-32E507303184}.WXP2K checked|x64.ActiveCfg = Release|x64
		{3742D509-D10C-42CD-BF07-32E507303184}.WXP2K checked|x64.Build.0 = Release|x64
		{3742D509-D10C-42CD-BF07-32E507303184}.WXP2K free (PREfast)|Win32.ActiveCfg = Release|x64
		{3742D509-D10C-42CD-BF07-32E507303184}.WXP2K free (PREfast)|x64.ActiveCfg = Release|x64
		{3742D509-D10C-42CD-BF07-32E507303184}.WXP2K free (PREfast)|x64.Build.0 = Release|x64
		{3742D509-D10C-42CD-BF07-32E507303184}.WXP2K free|Win32.ActiveCfg = Release|x64
		{3742D509-D10C-42CD-BF07-32E507303184}.WXP2K free|x64.ActiveCfg = Release|x64
		{3742D509-D10C-42CD-BF07-32E507303184}.WXP2K free|x64.Build.0 = Release|x64
		{16DF6DBF-1687-4728-B464-1BD44212C02D}.Debug|Win32.ActiveCfg = Debug|Win32
		{16DF6DBF-1687-4728-B464-1BD44212C02D}.Debug|Win32.Build.0 = Debug|Win32
		{16DF6DBF-1687-4728-B464-1BD44212C02D}.Debug|x64.ActiveCfg = Debug|x64
		{16DF6DBF-1687-4728-B464-1BD44212C02D}.Release|Win32.ActiveCfg = Release|Win32
		{16DF6DBF-1687-4728-B464-1BD44212C02D}.Release|Win32.Build.0 = Release|Win32
		{16DF6DBF-1687-4728-B464-1BD44212C02D}.Release|x64.ActiveCfg = Release|x64
		{16DF6DBF-1687-4728-B464-1BD44212C02D}.WXP checked (PREfast)|Win32.ActiveCfg = Release|Win32
		{16DF6DBF-1687-4728-B464-1BD44212C02D}.WXP checked (PREfast)|Win32.Build.0 = Release|Win32
		{16DF6DBF-1687-4728-B464-1BD44212C02D}.WXP checked (PREfast)|x64.ActiveCfg = Release|Win32
		{16DF6DBF-1687-4728-B464-1BD44212C02D}.WXP checked|Win32.ActiveCfg = Release|Win32
		{16DF6DBF-1687-4728-B464-1BD44212C02D}.WXP checked|Win32.Build.0 = Release|Win32
		{16DF6DBF-1687-4728-B464-1BD44212C02D}.WXP checked|x64.ActiveCfg = Release|Win32
		{16DF6DBF-1687-4728-B464-1BD44212C02D}.WXP free (PREfast)|Win32.ActiveCfg = Release|Win32
		{16DF6DBF-1687-4728-B464-1BD44212C02D}.WXP free (PREfast)|Win32.Build.0 = Release|Win32
		{16DF6DBF-1687-4728-B464-1BD44212C02D}.WXP free (PREfast)|x64.ActiveCfg = Release|Win32
		{16DF6DBF-1687-4728-B464-1BD44212C02D}.WXP free|Win32.ActiveCfg = Release|Win32
		{16DF6DBF-1687-4728-B464-1BD44212C02D}.WXP free|Win32.Build.0 = Release|Win32
		{16DF6DBF-1687-4728-B464-1BD44212C02D}.WXP free|x64.ActiveCfg = Release|Win32
		{16DF6DBF-1687-4728-B464-1BD44212C02D}.WXP2K checked (PREfast)|Win32.ActiveCfg = Release|Win32
		{16DF6DBF-1687-4728-B464-1BD44212C02D}.WXP2K checked (PREfast)|Win32.Build.0 = Release|Win32
		{16DF6DBF-1687-4728-B464-1BD44212C02D}.WXP2K checked (PREfast)|x64.ActiveCfg = Release|Win32
		{16DF6DBF-1687-4728-B464-1BD44212C02D}.WXP2K checked|Win32.ActiveCfg = Release|Win32
		{16DF6DBF-1687-4728-B464-1BD44212C02D}.WXP2K checked|Win32.Build.0 = Release|Win32
		{16DF6DBF-1687-4728-B464-1BD44212C02D}.WXP2K checked|x64.ActiveCfg = Release|Win32
		{16DF6DBF-1687-4728-B464-1BD44212C02D}.WXP2K free (PREfast)|Win32.ActiveCfg = Release|Win32
		{16DF6DBF-1687-4728-B464-1BD44212C02D}.WXP2K free (PREfast)|Win32.Build.0 = Release|Win32
		{16DF6DBF-1687-4728-B464-1BD44212C02D}.WXP2K free (PREfast)|x64.ActiveCfg = Release|Win32
		{16DF6DBF-1687-4728-B464-1BD44212C02D}.WXP2K free|Win32.ActiveCfg = Release|Win32
		{16DF6DBF-1687-4728-B464-1BD44212C02D}.WXP2K free|Win32.Build.0 = Release|Win32
		{16DF6DBF-1687-4728-B464-1BD44212C02D}.WXP2K free|x64.ActiveCfg = Release|Win32
		{2AA1D808-ED89-44C1-8AC7-EC75837DD9E6}.Debug|Win32.ActiveCfg = Debug|Win32
		{2AA1D808-ED89-44C1-8AC7-EC75837DD9E6}.Debug|Win32.Build.0 = Debug|Win32
		{2AA1D808-ED89-44C1-8AC7-EC75837DD9E6}.Debug|x64.ActiveCfg = Debug|x64
		{2AA1D808-ED89-44C1-8AC7-EC75837DD9E6}.Release|Win32.ActiveCfg = Release|Win32
		{2AA1D808-ED89-44C1-8AC7-EC75837DD9E6}.Release|Win32.Build.0 = Release|Win32
		{2AA1D808-ED89-44C1-8AC7-EC75837DD9E6}.Release|x64.ActiveCfg = Release|x64
		{2AA1D808-ED89-44C1-8AC7-EC75837DD9E6}.WXP checked (PREfast)|Win32.ActiveCfg = Release|Win32
		{2AA1D808-ED89-44C1-8AC7-EC75837DD9E6}.WXP checked (PREfast)|Win32.Build.0 = Release|Win32
		{2AA1D808-ED89-44C1-8AC7-EC75837DD9E6}.WXP checked (PREfast)|x64.ActiveCfg = Release|Win32
		{2AA1D808-ED89-44C1-8AC7-EC75837DD9E6}.WXP checked|Win32.ActiveCfg = Release|Win32
		{2AA1D808-ED89-44C1-8AC7-EC75837DD9E6}.WXP checked|Win32.Build.0 = Release|Win32
		{2AA1D808-ED89-44C1-8AC7-EC75837DD9E6}.WXP checked|x64.ActiveCfg = Release|Win32
		{2AA1D808-ED89-44C1-8AC7-EC75837DD9E6}.WXP free (PREfast)|Win32.ActiveCfg = Release|Win32
		{2AA1D808-ED89-44C1-8AC7-EC75837DD9E6}.WXP free (PREfast)|Win32.Build.0 = Release|Win32
		{2AA1D808-ED89-44C1-8AC7-EC75837DD9E6}.WXP free (PREfast)|x64.ActiveCfg = Release|Win32
		{2AA1D808-ED89-44C1-8AC7-EC75837DD9E6}.WXP free|Win32.ActiveCfg = Release|Win32
		{2AA1D808-ED89-44C1-8AC7-EC75837DD9E6}.WXP free|Win32.Build.0 = Release|Win32
		{2AA1D808-ED89-44C1-8AC7-EC75837DD9E6}.WXP free|x64.ActiveCfg = Release|Win32
		{2AA1D808-ED89-44C1-8AC7-EC75837DD9E6}.WXP2K checked (PREfast)|Win32.ActiveCfg = Release|Win32
		{2AA1D808-ED89-44C1-8AC7-EC75837DD9E6}.WXP2K checked (PREfast)|Win32.Build.0 = Release|Win32
		{2AA1D808-ED89-44C1-8AC7-EC75837DD9E6}.WXP2K checked (PREfast)|x64.ActiveCfg = Release|Win32
		{2AA1D808-ED89-44C1-8AC7-EC75837DD9E6}.WXP2K checked|Win32.ActiveCfg = Release|Win32
		{2AA1D808-ED89-44C1-8AC7-EC75837DD9E6}.WXP2K checked|Win32.Build.0 = Release|Win32
		{2AA1D808-ED89-44C1-8AC7-EC75837DD9E6}.WXP2K checked|x64.ActiveCfg = Release|Win32
		{2AA1D808-ED89-44C1-8AC7-EC75837DD9E6}.WXP2K free (PREfast)|Win32.ActiveCfg = Release|Win32
		{2AA1D808-ED89-44C1-8AC7-EC75837DD9E6}.WXP2K free (PREfast)|Win32.Build.0 = Release|Win32
		{2AA1D808-ED89-44C1-8AC7-EC75837DD9E6}.WXP2K free (PREfast)|x64.ActiveCfg = Release|Win32
		{2AA1D808-ED89-44C1-8AC7-EC75837DD9E6}.WXP2K free|Win32.ActiveCfg = Release|Win32
		{2AA1D808-ED89-44C1-8AC7-EC75837DD9E6}.WXP2K free|Win32.Build.0 = Release|Win32
		{2AA1D808-ED89-44C1-8AC7-EC75837DD9E6}.WXP2K free|x64.ActiveCfg = Release|Win32
		{24B4B4BE-D118-408C-9FD7-ED3F881FC307}.Debug|Win32.ActiveCfg = Debug|Win32
		{24B4B4BE-D118-408C-9FD7-ED3F881FC307}.Debug|Win32.Build.0 = Debug|Win32
		{24B4B4BE-D118-408C-9FD7-ED3F881FC307}.Debug|x64.ActiveCfg = Debug|x64
		{24B4B4BE-D118-408C-9FD7-ED3F881FC307}.Release|Win32.ActiveCfg = Release|Win32
		{24B4B4BE-D118-408C-9FD7-ED3F881FC307}.Release|Win32.Build.0 = Release|Win32
		{24B4B4BE-D118-408C-9FD7-ED3F881FC307}.Release|x64.ActiveCfg = Release|x64
		{24B4B4BE-D118-408C-9FD7-ED3F881FC307}.WXP checked (PREfast)|Win32.ActiveCfg = Release|Win32
		{24B4B4BE-D118-408C-9FD7-ED3F881FC307}.WXP checked (PREfast)|Win32.Build.0 = Release|Win32
		{24B4B4BE-D118-408C-9FD7-ED3F881FC307}.WXP checked (PREfast)|x64.ActiveCfg = Release|Win32
		{24B4B4BE-D118-408C-9FD7-ED3F881FC307}.WXP checked|Win32.ActiveCfg = Release|Win32
		{24B4B4BE-D118-408C-9FD7-ED3F881FC307}.WXP checked|Win32.Build.0 = Release|Win32
		{24B4B4BE-D118-408C-9FD7-ED3F881FC307}.WXP checked|x64.ActiveCfg = Release|Win32
		{24B4B4BE-D118-408C-9FD7-ED3F881FC307}.WXP free (PREfast)|Win32.ActiveCfg = Release|Win32
		{24B4B4BE-D118-408C-9FD7-ED3F881FC307}.WXP free (PREfast)|Win32.Build.0 = Release|Win32
		{24B4B4BE-D118-408C-9FD7-ED3F881FC307}.WXP free (PREfast)|x64.ActiveCfg = Release|Win32
		{24B4B4BE-D118-408C-9FD7-ED3F881FC307}.WXP free|Win32.ActiveCfg = Release|Win32
		{24B4B4BE-D118-408C-9FD7-ED3F881FC307}.WXP free|Win32.Build.0 = Release|Win32
		{24B4B4BE-D118-408C-9FD7-ED3F881FC307}.WXP free|x64.ActiveCfg = Release|Win32
		{24B4B4BE-D118-408C-9FD7-ED3F881FC307}.WXP2K checked (PREfast)|Win32.ActiveCfg = Release|Win32
		{24B4B4BE-D118-408C-9FD7-ED3F881FC307}.WXP2K checked (PREfast)|Win32.Build.0 = Release|Win32
		{24B4B4BE-D118-408C-9FD7-ED3F881FC307}.WXP2K checked (PREfast)|x64.ActiveCfg = Release|Win32
		{24B4B4BE-D118-408C-9FD7-ED3F881FC307}.WXP2K checked|Win32.ActiveCfg = Release|Win32
		{24B4B4BE-D118-408C-9FD7-ED3F881FC307}.WXP2K checked|Win32.Build.0 = Release|Win32
		{24B4B4BE-D118-408C-9FD7-ED3F881FC307}.WXP2K checked|x64.ActiveCfg = Release|Win32
		{24B4B4BE-D118-408C-9FD7-ED3F881FC307}.WXP2K free (PREfast)|Win32.ActiveCfg = Release|Win32
		{24B4B4BE-D118-408C-9FD7-ED3F881FC307}.WXP2K free (PREfast)|Win32.Build.0 = Release|Win32
		{24B4B4BE-D118-408C-9FD7-ED3F881FC307}.WXP2K free (PREfast)|x64.ActiveCfg = Release|Win32
		{24B4B4BE-D118-408C-9FD7-ED3F881FC307}.WXP2K free|Win32.ActiveCfg = Release|Win32
		{24B4B4BE-D118-408C-9FD7-ED3F881FC307}.WXP2K free|Win32.Build.0 = Release|Win32
		{24B4B4BE-D118-408C-9FD7-ED3F881FC307}.WXP2K free|x64.ActiveCfg = Release|Win32
		{737ADE9E-952D-45DF-950E-3006BD89EAD3}.Debug|Win32.ActiveCfg = Debug|Win32
		{737ADE9E-952D-45DF-950E-3006BD89EAD3}.Debug|Win32.Build.0 = Debug|Win32
		{737ADE9E-952D-45DF-950E-3006BD89EAD3}.Debug|x64.ActiveCfg = Debug|x64
		{737ADE9E-952D-45DF-950E-3006BD89EAD3}.Release|Win32.ActiveCfg = Release|Win32
		{737ADE9E-952D-45DF-950E-3006BD89EAD3}.Release|Win32.Build.0 = Release|Win32
		{737ADE9E-952D-45DF-950E-3006BD89EAD3}.Release|x64.ActiveCfg = Release|x64
		{737ADE9E-952D-45DF-950E-3006BD89EAD3}.WXP checked (PREfast)|Win32.ActiveCfg = Release|Win32
		{737ADE9E-952D-45DF-950E-3006BD89EAD3}.WXP checked (PREfast)|Win32.Build.0 = Release|Win32
		{737ADE9E-952D-45DF-950E-3006BD89EAD3}.WXP checked (PREfast)|x64.ActiveCfg = Release|Win32
		{737ADE9E-952D-45DF-950E-3006BD89EAD3}.WXP checked|Win32.ActiveCfg = Release|Win32
		{737ADE9E-952D-45DF-950E-3006BD89EAD3}.WXP checked|Win32.Build.0 = Release|Win32
		{737ADE9E-952D-45DF-950E-3006BD89EAD3}.WXP checked|x64.ActiveCfg = Release|Win32
		{737ADE9E-952D-45DF-950E-3006BD89EAD3}.WXP free (PREfast)|Win32.ActiveCfg = Release|Win32
		{737ADE9E-952D-45DF-950E-3006BD89EAD3}.WXP free (PREfast)|Win32.Build.0 = Release|Win32
		{737ADE9E-952D-45DF-950E-3006BD89EAD3}.WXP free (PREfast)|x64.ActiveCfg = Release|Win32
		{737ADE9E-952D-45DF-950E-3006BD89EAD3}.WXP free|Win32.ActiveCfg = Release|Win32
		{737ADE9E-952D-45DF-950E-3006BD89EAD3}.WXP free|Win32.Build.0 = Release|Win32
		{737ADE9E-952D-45DF-950E-3006BD89EAD3}.WXP free|x64.ActiveCfg = Release|Win32
		{737ADE9E-952D-45DF-950E-3006BD89EAD3}.WXP2K checked (PREfast)|Win32.ActiveCfg = Release|Win32
		{737ADE9E-952D-45DF-950E-3006BD89EAD3}.WXP2K checked (PREfast)|Win32.Build.0 = Release|Win32
		{737ADE9E-952D-45DF-950E-3006BD89EAD3}.WXP2K checked (PREfast)|x64.ActiveCfg = Release|Win32
		{737ADE9E-952D-45DF-950E-3006BD89EAD3}.WXP2K checked|Win32.ActiveCfg = Release|Win32
		{737ADE9E-952D-45DF-950E-3006BD89EAD3}.WXP2K checked|Win32.Build.0 = Release|Win32
		{737ADE9E-952D-45DF-950E-3006BD89EAD3}.WXP2K checked|x64.ActiveCfg = Release|Win32
		{737ADE9E-952D-45DF-950E-3006BD89EAD3}.WXP2K free (PREfast)|Win32.ActiveCfg = Release|Win32
		{737ADE9E-952D-45DF-950E-3006BD89EAD3}.WXP2K free (PREfast)|Win32.Build.0 = Release|Win32
		{737ADE9E-952D-45DF-950E-3006BD89EAD3}.WXP2K free (PREfast)|x64.ActiveCfg = Release|Win32
		{737ADE9E-952D-45DF-950E-3006BD89EAD3}.WXP2K free|Win32.ActiveCfg = Release|Win32
		{737ADE9E-952D-45DF-950E-3006BD89EAD3}.WXP2K free|Win32.Build.0 = Release|Win32
		{737ADE9E-952D-45DF-950E-3006BD89EAD3}.WXP2K free|x64.ActiveCfg = Release|Win32
		{C35E1617-E7FA-4BA9-A51D-D129726F8FD0}.Debug|Win32.ActiveCfg = Debug|Win32
		{C35E1617-E7FA-4BA9-A51D-D129726F8FD0}.Debug|x64.ActiveCfg = Debug|x64
		{C35E1617-E7FA-4BA9-A51D-D129726F8FD0}.Release|Win32.ActiveCfg = Release|Win32
		{C35E1617-E7FA-4BA9-A51D-D129726F8FD0}.Release|x64.ActiveCfg = Release|x64
		{C35E1617-E7FA-4BA9-A51D-D129726F8FD0}.WXP checked (PREfast)|Win32.ActiveCfg = Release|Win32
		{C35E1617-E7FA-4BA9-A51D-D129726F8FD0}.WXP checked (PREfast)|x64.ActiveCfg = Release|Win32
		{C35E1617-E7FA-4BA9-A51D-D129726F8FD0}.WXP checked|Win32.ActiveCfg = Release|Win32
		{C35E1617-E7FA-4BA9-A51D-D129726F8FD0}.WXP checked|x64.ActiveCfg = Release|Win32
		{C35E1617-E7FA-4BA9-A51D-D129726F8FD0}.WXP free (PREfast)|Win32.ActiveCfg = Release|Win32
		{C35E1617-E7FA-4BA9-A51D-D129726F8FD0}.WXP free (PREfast)|x64.ActiveCfg = Release|Win32
		{C35E1617-E7FA-4BA9-A51D-D129726F8FD0}.WXP free|Win32.ActiveCfg = Release|Win32
		{C35E1617-E7FA-4BA9-A51D-D129726F8FD0}.WXP free|x64.ActiveCfg = Release|Win32
		{C35E1617-E7FA-4BA9-A51D-D129726F8FD0}.WXP2K checked (PREfast)|Win32.ActiveCfg = Release|Win32
		{C35E1617-E7FA-4BA9-A51D-D129726F8FD0}.WXP2K checked (PREfast)|x64.ActiveCfg = Release|Win32
		{C35E1617-E7FA-4BA9-A51D-D129726F8FD0}.WXP2K checked|Win32.ActiveCfg = Release|Win32
		{C35E1617-E7FA-4BA9-A51D-D129726F8FD0}.WXP2K checked|x64.ActiveCfg = Release|Win32
		{C35E1617-E7FA-4BA9-A51D-D129726F8FD0}.WXP2K free (PREfast)|Win32.ActiveCfg = Release|Win32
		{C35E1617-E7FA-4BA9-A51D-D129726F8FD0}.WXP2K free (PREfast)|x64.ActiveCfg = Release|Win32
		{C35E1617-E7FA-4BA9-A51D-D129726F8FD0}.WXP2K free|Win32.ActiveCfg = Release|Win32
		{C35E1617-E7FA-4BA9-A51D-D129726F8FD0}.WXP2K free|x64.ActiveCfg = Release|Win32
		{498C2EB8-B0A0-4B1E-8750-BFF35E754333}.Debug|Win32.ActiveCfg = Debug|Win32
		{498C2EB8-B0A0-4B1E-8750-BFF35E754333}.Debug|Win32.Build.0 = Debug|Win32
		{498C2EB8-B0A0-4B1E-8750-BFF35E754333}.Debug|x64.ActiveCfg = Debug|x64
		{498C2EB8-B0A0-4B1E-8750-BFF35E754333}.Release|Win32.ActiveCfg = Release|Win32
		{498C2EB8-B0A0-4B1E-8750-BFF35E754333}.Release|Win32.Build.0 = Release|Win32
		{498C2EB8-B0A0-4B1E-8750-BFF35E754333}.Release|x64.ActiveCfg = Release|x64
		{498C2EB8-B0A0-4B1E-8750-BFF35E754333}.WXP checked (PREfast)|Win32.ActiveCfg = Release|Win32
		{498C2EB8-B0A0-4B1E-8750-BFF35E754333}.WXP checked (PREfast)|Win32.Build.0 = Release|Win32
		{498C2EB8-B0A0-4B1E-8750-BFF35E754333}.WXP checked (PREfast)|x64.ActiveCfg = Release|Win32
		{498C2EB8-B0A0-4B1E-8750-BFF35E754333}.WXP checked|Win32.ActiveCfg = Release|Win32
		{498C2EB8-B0A0-4B1E-8750-BFF35E754333}.WXP checked|Win32.Build.0 = Release|Win32
		{498C2EB8-B0A0-4B1E-8750-BFF35E754333}.WXP checked|x64.ActiveCfg = Release|Win32
		{498C2EB8-B0A0-4B1E-8750-BFF35E754333}.WXP free (PREfast)|Win32.ActiveCfg = Release|Win32
		{498C2EB8-B0A0-4B1E-8750-BFF35E754333}.WXP free (PREfast)|Win32.Build.0 = Release|Win32
		{498C2EB8-B0A0-4B1E-8750-BFF35E754333}.WXP free (PREfast)|x64.ActiveCfg = Release|Win32
		{498C2EB8-B0A0-4B1E-8750-BFF35E754333}.WXP free|Win32.ActiveCfg = Release|Win32
		{498C2EB8-B0A0-4B1E-8750-BFF35E754333}.WXP free|Win32.Build.0 = Release|Win32
		{498C2EB8-B0A0-4B1E-8750-BFF35E754333}.WXP free|x64.ActiveCfg = Release|Win32
		{498C2EB8-B0A0-4B1E-8750-BFF35E754333}.WXP2K checked (PREfast)|Win32.ActiveCfg = Release|Win32
		{498C2EB8-B0A0-4B1E-8750-BFF35E754333}.WXP2K checked (PREfast)|Win32.Build.0 = Release|Win32
		{498C2EB8-B0A0-4B1E-8750-BFF35E754333}.WXP2K checked (PREfast)|x64.ActiveCfg = Release|Win32
		{498C2EB8-B0A0-4B1E-8750-BFF35E754333}.WXP2K checked|Win32.ActiveCfg = Release|Win32
		{498C2EB8-B0A0-4B1E-8750-BFF35E754333}.WXP2K checked|Win32.Build.0 = Release|Win32
		{498C2EB8-B0A0-4B1E-8750-BFF35E754333}.WXP2K checked|x64.ActiveCfg = Release|Win32
		{498C2EB8-B0A0-4B1E-8750-BFF35E754333}.WXP2K free (PREfast)|Win32.ActiveCfg = Release|Win32
		{498C2EB8-B0A0-4B1E-8750-BFF35E754333}.WXP2K free (PREfast)|Win32.Build.0 = Release|Win32
		{498C2EB8-B0A0-4B1E-8750-BFF35E754333}.WXP2K free (PREfast)|x64.ActiveCfg = Release|Win32
		{498C2EB8-B0A0-4B1E-8750-BFF35E754333}.WXP2K free|Win32.ActiveCfg = Release|Win32
		{498C2EB8-B0A0-4B1E-8750-BFF35E754333}.WXP2K free|Win32.Build.0 = Release|Win32
		{498C2EB8-B0A0-4B1E-8750-BFF35E754333}.WXP2K free|x64.ActiveCfg = Release|Win32
		{8AB3707E-3621-4E4A-8D8B-816133CC2CBC}.Debug|Win32.ActiveCfg = Debug|Win32
		{8AB3707E-3621-4E4A-8D8B-816133CC2CBC}.Debug|Win32.Build.0 = Debug|Win32
		{8AB3707E-3621-4E4A-8D8B-816133CC2CBC}.Debug|x64.ActiveCfg = Debug|x64
		{8AB3707E-3621-4E4A-8D8B-816133CC2CBC}.Release|Win32.ActiveCfg = Release|Win32
		{8AB3707E-3621-4E4A-8D8B-816133CC2CBC}.Release|Win32.Build.0 = Release|Win32
		{8AB3707E-3621-4E4A-8D8B-816133CC2CBC}.Release|x64.ActiveCfg = Release|x64
		{8AB3707E-3621-4E4A-8D8B-816133CC2CBC}.WXP checked (PREfast)|Win32.ActiveCfg = Release|Win32
		{8AB3707E-3621-4E4A-8D8B-816133CC2CBC}.WXP checked (PREfast)|Win32.Build.0 = Release|Win32
		{8AB3707E-3621-4E4A-8D8B-816133CC2CBC}.WXP checked (PREfast)|x64.ActiveCfg = Release|Win32
		{8AB3707E-3621-4E4A-8D8B-816133CC2CBC}.WXP checked|Win32.ActiveCfg = Release|Win32
		{8AB3707E-3621-4E4A-8D8B-816133CC2CBC}.WXP checked|Win32.Build.0 = Release|Win32
		{8AB3707E-3621-4E4A-8D8B-816133CC2CBC}.WXP checked|x64.ActiveCfg = Release|Win32
		{8AB3707E-3621-4E4A-8D8B-816133CC2CBC}.WXP free (PREfast)|Win32.ActiveCfg = Release|Win32
		{8AB3707E-3621-4E4A-8D8B-816133CC2CBC}.WXP free (PREfast)|Win32.Build.0 = Release|Win32
		{8AB3707E-3621-4E4A-8D8B-816133CC2CBC}.WXP free (PREfast)|x64.ActiveCfg = Release|Win32
		{8AB3707E-3621-4E4A-8D8B-816133CC2CBC}.WXP free|Win32.ActiveCfg = Release|Win32
		{8AB3707E-3621-4E4A-8D8B-816133CC2CBC}.WXP free|Win32.Build.0 = Release|Win32
		{8AB3707E-3621-4E4A-8D8B-816133CC2CBC}.WXP free|x64.ActiveCfg = Release|Win32
		{8AB3707E-3621-4E4A-8D8B-816133CC2CBC}.WXP2K checked (PREfast)|Win32.ActiveCfg = Release|Win32
		{8AB3707E-3621-4E4A-8D8B-816133CC2CBC}.WXP2K checked (PREfast)|Win32.Build.0 = Release|Win32
		{8AB3707E-3621-4E4A-8D8B-816133CC2CBC}.WXP2K checked (PREfast)|x64.ActiveCfg = Release|Win32
		{8AB3707E-3621-4E4A-8D8B-816133CC2CBC}.WXP2K checked|Win32.ActiveCfg = Release|Win32
		{8AB3707E-3621-4E4A-8D8B-816133CC2CBC}.WXP2K checked|Win32.Build.0 = Release|Win32
		{8AB3707E-3621-4E4A-8D8B-816133CC2CBC}.WXP2K checked|x64.ActiveCfg = Release|Win32
		{8AB3707E-3621-4E4A-8D8B-816133CC2CBC}.WXP2K free (PREfast)|Win32.ActiveCfg = Release|Win32
		{8AB3707E-3621-4E4A-8D8B-816133CC2CBC}.WXP2K free (PREfast)|Win32.Build.0 = Release|Win32
		{8AB3707E-3621-4E4A-8D8B-816133CC2CBC}.WXP2K free (PREfast)|x64.ActiveCfg = Release|Win32
		{8AB3707E-3621-4E4A-8D8B-816133CC2CBC}.WXP2K free|Win32.ActiveCfg = Release|Win32
		{8AB3707E-3621-4E4A-8D8B-816133CC2CBC}.WXP2K free|Win32.Build.0 = Release|Win32
		{8AB3707E-3621-4E4A-8D8B-816133CC2CBC}.WXP2K free|x64.ActiveCfg = Release|Win32
		{EBE74AD8-2061-429F-AC36-727A87E4DEFD}.Debug|Win32.ActiveCfg = Debug|Win32
		{EBE74AD8-2061-429F-AC36-727A87E4DEFD}.Debug|Win32.Build.0 = Debug|Win32
		{EBE74AD8-2061-429F-AC36-727A87E4DEFD}.Debug|x64.ActiveCfg = Debug|Win32
		{EBE74AD8-2061-429F-AC36-727A87E4DEFD}.Release|Win32.ActiveCfg = Release|Win32
		{EBE74AD8-2061-429F-AC36-727A87E4DEFD}.Release|Win32.Build.0 = Release|Win32
		{EBE74AD8-2061-429F-AC36-727A87E4DEFD}.Release|x64.ActiveCfg = Release|Win32
		{EBE74AD8-2061-429F-AC36-727A87E4DEFD}.WXP checked (PREfast)|Win32.ActiveCfg = Release|Win32
		{EBE74AD8-2061-429F-AC36-727A87E4DEFD}.WXP checked (PREfast)|Win32.Build.0 = Release|Win32
		{EBE74AD8-2061-429F-AC36-727A87E4DEFD}.WXP checked (PREfast)|x64.ActiveCfg = Release|Win32
		{EBE74AD8-2061-429F-AC36-727A87E4DEFD}.WXP checked|Win32.ActiveCfg = Release|Win32
		{EBE74AD8-2061-429F-AC36-727A87E4DEFD}.WXP checked|Win32.Build.0 = Release|Win32
		{EBE74AD8-2061-429F-AC36-727A87E4DEFD}.WXP checked|x64.ActiveCfg = Release|Win32
		{EBE74AD8-2061-429F-AC36-727A87E4DEFD}.WXP free (PREfast)|Win32.ActiveCfg = Release|Win32
		{EBE74AD8-2061-429F-AC36-727A87E4DEFD}.WXP free (PREfast)|Win32.Build.0 = Release|Win32
		{EBE74AD8-2061-429F-AC36-727A87E4DEFD}.WXP free (PREfast)|x64.ActiveCfg = Release|Win32
		{EBE74AD8-2061-429F-AC36-727A87E4DEFD}.WXP free|Win32.ActiveCfg = Release|Win32
		{EBE74AD8-2061-429F-AC36-727A87E4DEFD}.WXP free|Win32.Build.0 = Release|Win32
		{EBE74AD8-2061-429F-AC36-727A87E4DEFD}.WXP free|x64.ActiveCfg = Release|Win32
		{EBE74AD8-2061-429F-AC36-727A87E4DEFD}.WXP2K checked (PREfast)|Win32.ActiveCfg = Release|Win32
		{EBE74AD8-2061-429F-AC36-727A87E4DEFD}.WXP2K checked (PREfast)|Win32.Build.0 = Release|Win32
		{EBE74AD8-2061-429F-AC36-727A87E4DEFD}.WXP2K checked (PREfast)|x64.ActiveCfg = Release|Win32
		{EBE74AD8-2061-429F-AC36-727A87E4DEFD}.WXP2K checked|Win32.ActiveCfg = Release|Win32
		{EBE74AD8-2061-429F-AC36-727A87E4DEFD}.WXP2K checked|Win32.Build.0 = Release|Win32
		{EBE74AD8-2061-429F-AC36-727A87E4DEFD}.WXP2K checked|x64.ActiveCfg = Release|Win32
		{EBE74AD8-2061-429F-AC36-727A87E4DEFD}.WXP2K free (PREfast)|Win32.ActiveCfg = Release|Win32
		{EBE74AD8-2061-429F-AC36-727A87E4DEFD}.WXP2K free (PREfast)|Win32.Build.0 = Release|Win32
		{EBE74AD8-2061-429F-AC36-727A87E4DEFD}.WXP2K free (PREfast)|x64.ActiveCfg = Release|Win32
		{EBE74AD8-2061-429F-AC36-727A87E4DEFD}.WXP2K free|Win32.ActiveCfg = Release|Win32
		{EBE74AD8-2061-429F-AC36-727A87E4DEFD}.WXP2K free|Win32.Build.0 = Release|Win32
		{EBE74AD8-2061-429F-AC36-727A87E4DEFD}.WXP2K free|x64.ActiveCfg = Release|Win32
		{CC2DF3F5-5A85-4B4D-83B7-10969A79A018}.Debug|Win32.ActiveCfg = Debug
		{CC2DF3F5-5A85-4B4D-83B7-10969A79A018}.Debug|x64.ActiveCfg = Debug
		{CC2DF3F5-5A85-4B4D-83B7-10969A79A018}.Release|Win32.ActiveCfg = Release
		{CC2DF3F5-5A85-4B4D-83B7-10969A79A018}.Release|x64.ActiveCfg = Release
		{CC2DF3F5-5A85-4B4D-83B7-10969A79A018}.WXP checked (PREfast)|Win32.ActiveCfg = Release
		{CC2DF3F5-5A85-4B4D-83B7-10969A79A018}.WXP checked (PREfast)|x64.ActiveCfg = Release
		{CC2DF3F5-5A85-4B4D-83B7-10969A79A018}.WXP checked|Win32.ActiveCfg = Release
		{CC2DF3F5-5A85-4B4D-83B7-10969A79A018}.WXP checked|x64.ActiveCfg = Release
		{CC2DF3F5-5A85-4B4D-83B7-10969A79A018}.WXP free (PREfast)|Win32.ActiveCfg = Release
		{CC2DF3F5-5A85-4B4D-83B7-10969A79A018}.WXP free (PREfast)|x64.ActiveCfg = Release
		{CC2DF3F5-5A85-4B4D-83B7-10969A79A018}.WXP free|Win32.ActiveCfg = Release
		{CC2DF3F5-5A85-4B4D-83B7-10969A79A018}.WXP free|x64.ActiveCfg = Release
		{CC2DF3F5-5A85-4B4D-83B7-10969A79A018}.WXP2K checked (PREfast)|Win32.ActiveCfg = Release
		{CC2DF3F5-5A85-4B4D-83B7-10969A79A018}.WXP2K checked (PREfast)|x64.ActiveCfg = Release
		{CC2DF3F5-5A85-4B4D-83B7-10969A79A018}.WXP2K checked|Win32.ActiveCfg = Release
		{CC2DF3F5-5A85-4B4D-83B7-10969A79A018}.WXP2K checked|x64.ActiveCfg = Release
		{CC2DF3F5-5A85-4B4D-83B7-10969A79A018}.WXP2K free (PREfast)|Win32.ActiveCfg = Release
		{CC2DF3F5-5A85-4B4D-83B7-10969A79A018}.WXP2K free (PREfast)|x64.ActiveCfg = Release
		{CC2DF3F5-5A85-4B4D-83B7-10969A79A018}.WXP2K free|Win32.ActiveCfg = Release
		{CC2DF3F5-5A85-4B4D-83B7-10969A79A018}.WXP2K free|x64.ActiveCfg = Release
		{D0C89098-C1D5-4166-B8DB-524F6DE4A070}.Debug|Win32.ActiveCfg = Debug
		{D0C89098-C1D5-4166-B8DB-524F6DE4A070}.Debug|x64.ActiveCfg = Debug
		{D0C89098-C1D5-4166-B8DB-524F6DE4A070}.Release|Win32.ActiveCfg = Release
		{D0C89098-C1D5-4166-B8DB-524F6DE4A070}.Release|x64.ActiveCfg = Release
		{D0C89098-C1D5-4166-B8DB-524F6DE4A070}.WXP checked (PREfast)|Win32.ActiveCfg = Release
		{D0C89098-C1D5-4166-B8DB-524F6DE4A070}.WXP checked (PREfast)|x64.ActiveCfg = Release
		{D0C89098-C1D5-4166-B8DB-524F6DE4A070}.WXP checked|Win32.ActiveCfg = Release
		{D0C89098-C1D5-4166-B8DB-524F6DE4A070}.WXP checked|x64.ActiveCfg = Release
		{D0C89098-C1D5-4166-B8DB-524F6DE4A070}.WXP free (PREfast)|Win32.ActiveCfg = Release
		{D0C89098-C1D5-4166-B8DB-524F6DE4A070}.WXP free (PREfast)|x64.ActiveCfg = Release
		{D0C89098-C1D5-4166-B8DB-524F6DE4A070}.WXP free|Win32.ActiveCfg = Release
		{D0C89098-C1D5-4166-B8DB-524F6DE4A070}.WXP free|x64.ActiveCfg = Release
		{D0C89098-C1D5-4166-B8DB-524F6DE4A070}.WXP2K checked (PREfast)|Win32.ActiveCfg = Release
		{D0C89098-C1D5-4166-B8DB-524F6DE4A070}.WXP2K checked (PREfast)|x64.ActiveCfg = Release
		{D0C89098-C1D5-4166-B8DB-524F6DE4A070}.WXP2K checked|Win32.ActiveCfg = Release
		{D0C89098-C1D5-4166-B8DB-524F6DE4A070}.WXP2K checked|x64.ActiveCfg = Release
		{D0C89098-C1D5-4166-B8DB-524F6DE4A070}.WXP2K free (PREfast)|Win32.ActiveCfg = Release
		{D0C89098-C1D5-4166-B8DB-524F6DE4A070}.WXP2K free (PREfast)|x64.ActiveCfg = Release
		{D0C89098-C1D5-4166-B8DB-524F6DE4A070}.WXP2K free|Win32.ActiveCfg = Release
		{D0C89098-C1D5-4166-B8DB-524F6DE4A070}.WXP2K free|x64.ActiveCfg = Release
	EndGlobalSection
	GlobalSection(SolutionProperties) = preSolution
		HideSolutionNode = FALSE
	EndGlobalSection
EndGlobal
